
Microsoft Visual Studio Solution File, Format Version 12.00
# Visual Studio Version 17
VisualStudioVersion = 17.8.34330.188
MinimumVisualStudioVersion = 10.0.40219.1
Project("{FAE04EC0-301F-11D3-BF4B-00C04F79EFBC}") = "MasterRegUser", "MasterRegUser.csproj", "{18397455-06E4-4A6C-9B70-FAC2EDBED689}"
EndProject
Global
	GlobalSection(SolutionConfigurationPlatforms) = preSolution
		Debug|Any CPU = Debug|Any CPU
		Release|Any CPU = Release|Any CPU
	EndGlobalSection
	GlobalSection(ProjectConfigurationPlatforms) = postSolution
		{18397455-06E4-4A6C-9B70-FAC2EDBED689}.Debug|Any CPU.ActiveCfg = Debug|Any CPU
		{18397455-06E4-4A6C-9B70-FAC2EDBED689}.Debug|Any CPU.Build.0 = Debug|Any CPU
		{18397455-06E4-4A6C-9B70-FAC2EDBED689}.Release|Any CPU.ActiveCfg = Release|Any CPU
		{18397455-06E4-4A6C-9B70-FAC2EDBED689}.Release|Any CPU.Build.0 = Release|Any CPU
	EndGlobalSection
	GlobalSection(SolutionProperties) = preSolution
		HideSolutionNode = FALSE
	EndGlobalSection
	GlobalSection(ExtensibilityGlobals) = postSolution
		SolutionGuid = {6412C9A7-7096-488F-A768-DBE2759795D1}
	EndGlobalSection
EndGlobal
